
Microsoft Visual Studio Solution File, Format Version 12.00
# Visual Studio Version 17
VisualStudioVersion = 17.4.33205.214
MinimumVisualStudioVersion = 10.0.40219.1
Project("{FAE04EC0-301F-11D3-BF4B-00C04F79EFBC}") = "server_travel", "server_travel\server_travel.csproj", "{CC1DF7DC-3A59-4300-9C19-0D90BD95E6A0}"
EndProject
Global
	GlobalSection(SolutionConfigurationPlatforms) = preSolution
		Debug|Any CPU = Debug|Any CPU
		Release|Any CPU = Release|Any CPU
	EndGlobalSection
	GlobalSection(ProjectConfigurationPlatforms) = postSolution
		{CC1DF7DC-3A59-4300-9C19-0D90BD95E6A0}.Debug|Any CPU.ActiveCfg = Debug|Any CPU
		{CC1DF7DC-3A59-4300-9C19-0D90BD95E6A0}.Debug|Any CPU.Build.0 = Debug|Any CPU
		{CC1DF7DC-3A59-4300-9C19-0D90BD95E6A0}.Release|Any CPU.ActiveCfg = Release|Any CPU
		{CC1DF7DC-3A59-4300-9C19-0D90BD95E6A0}.Release|Any CPU.Build.0 = Release|Any CPU
	EndGlobalSection
	GlobalSection(SolutionProperties) = preSolution
		HideSolutionNode = FALSE
	EndGlobalSection
	GlobalSection(ExtensibilityGlobals) = postSolution
		SolutionGuid = {22446230-81D3-4845-B08E-1FF91C40EE11}
	EndGlobalSection
EndGlobal
